// !$*UTF8*$!
{
	archiveVersion = 1;
	classes = {
	};
	objectVersion = 77;
	objects = {

/* Begin PBXContainerItemProxy section */
		D2E195422CDE7E2B005338C1 /* PBXContainerItemProxy */ = {
			isa = PBXContainerItemProxy;
			containerPortal = D2E195232CDE7E2A005338C1 /* Project object */;
			proxyType = 1;
			remoteGlobalIDString = D2E1952A2CDE7E2A005338C1;
			remoteInfo = Mindful;
		};
		D2E1954C2CDE7E2B005338C1 /* PBXContainerItemProxy */ = {
			isa = PBXContainerItemProxy;
			containerPortal = D2E195232CDE7E2A005338C1 /* Project object */;
			proxyType = 1;
			remoteGlobalIDString = D2E1952A2CDE7E2A005338C1;
			remoteInfo = Mindful;
		};
/* End PBXContainerItemProxy section */

/* Begin PBXFileReference section */
		D2E1952B2CDE7E2A005338C1 /* Mindful.app */ = {isa = PBXFileReference; explicitFileType = wrapper.application; includeInIndex = 0; path = Mindful.app; sourceTree = BUILT_PRODUCTS_DIR; };
		D2E195412CDE7E2B005338C1 /* MindfulTests.xctest */ = {isa = PBXFileReference; explicitFileType = wrapper.cfbundle; includeInIndex = 0; path = MindfulTests.xctest; sourceTree = BUILT_PRODUCTS_DIR; };
		D2E1954B2CDE7E2B005338C1 /* MindfulUITests.xctest */ = {isa = PBXFileReference; explicitFileType = wrapper.cfbundle; includeInIndex = 0; path = MindfulUITests.xctest; sourceTree = BUILT_PRODUCTS_DIR; };
/* End PBXFileReference section */

/* Begin PBXFileSystemSynchronizedBuildFileExceptionSet section */
		D2E195532CDE7E2B005338C1 /* Exceptions for "Mindful" folder in "Mindful" target */ = {
			isa = PBXFileSystemSynchronizedBuildFileExceptionSet;
			membershipExceptions = (
				Info.plist,
			);
			target = D2E1952A2CDE7E2A005338C1 /* Mindful */;
		};
/* End PBXFileSystemSynchronizedBuildFileExceptionSet section */

/* Begin PBXFileSystemSynchronizedRootGroup section */
		D2E1952D2CDE7E2A005338C1 /* Mindful */ = {
			isa = PBXFileSystemSynchronizedRootGroup;
			exceptions = (
				D2E195532CDE7E2B005338C1 /* Exceptions for "Mindful" folder in "Mindful" target */,
			);
			path = Mindful;
			sourceTree = "<group>";
		};
		D2E195442CDE7E2B005338C1 /* MindfulTests */ = {
			isa = PBXFileSystemSynchronizedRootGroup;
			path = MindfulTests;
			sourceTree = "<group>";
		};
		D2E1954E2CDE7E2B005338C1 /* MindfulUITests */ = {
			isa = PBXFileSystemSynchronizedRootGroup;
			path = MindfulUITests;
			sourceTree = "<group>";
		};
/* End PBXFileSystemSynchronizedRootGroup section */

/* Begin PBXFrameworksBuildPhase section */
		D2E195282CDE7E2A005338C1 /* Frameworks */ = {
			isa = PBXFrameworksBuildPhase;
			buildActionMask = 2147483647;
			files = (
			);
			runOnlyForDeploymentPostprocessing = 0;
		};
		D2E1953E2CDE7E2B005338C1 /* Frameworks */ = {
			isa = PBXFrameworksBuildPhase;
			buildActionMask = 2147483647;
			files = (
			);
			runOnlyForDeploymentPostprocessing = 0;
		};
		D2E195482CDE7E2B005338C1 /* Frameworks */ = {
			isa = PBXFrameworksBuildPhase;
			buildActionMask = 2147483647;
			files = (
			);
			runOnlyForDeploymentPostprocessing = 0;
		};
/* End PBXFrameworksBuildPhase section */

/* Begin PBXGroup section */
		D2E195222CDE7E2A005338C1 = {
			isa = PBXGroup;
			children = (
				D2E1952D2CDE7E2A005338C1 /* Mindful */,
				D2E195442CDE7E2B005338C1 /* MindfulTests */,
				D2E1954E2CDE7E2B005338C1 /* MindfulUITests */,
				D2E1952C2CDE7E2A005338C1 /* Products */,
			);
			sourceTree = "<group>";
		};
		D2E1952C2CDE7E2A005338C1 /* Products */ = {
			isa = PBXGroup;
			children = (
				D2E1952B2CDE7E2A005338C1 /* Mindful.app */,
				D2E195412CDE7E2B005338C1 /* MindfulTests.xctest */,
				D2E1954B2CDE7E2B005338C1 /* MindfulUITests.xctest */,
			);
			name = Products;
			sourceTree = "<group>";
		};
/* End PBXGroup section */

/* Begin PBXNativeTarget section */
		D2E1952A2CDE7E2A005338C1 /* Mindful */ = {
			isa = PBXNativeTarget;
			buildConfigurationList = D2E195542CDE7E2B005338C1 /* Build configuration list for PBXNativeTarget "Mindful" */;
			buildPhases = (
				D2E195272CDE7E2A005338C1 /* Sources */,
				D2E195282CDE7E2A005338C1 /* Frameworks */,
				D2E195292CDE7E2A005338C1 /* Resources */,
			);
			buildRules = (
			);
			dependencies = (
			);
			fileSystemSynchronizedGroups = (
				D2E1952D2CDE7E2A005338C1 /* Mindful */,
			);
			name = Mindful;
			packageProductDependencies = (
			);
			productName = Mindful;
			productReference = D2E1952B2CDE7E2A005338C1 /* Mindful.app */;
			productType = "com.apple.product-type.application";
		};
		D2E195402CDE7E2B005338C1 /* MindfulTests */ = {
			isa = PBXNativeTarget;
			buildConfigurationList = D2E195592CDE7E2B005338C1 /* Build configuration list for PBXNativeTarget "MindfulTests" */;
			buildPhases = (
				D2E1953D2CDE7E2B005338C1 /* Sources */,
				D2E1953E2CDE7E2B005338C1 /* Frameworks */,
				D2E1953F2CDE7E2B005338C1 /* Resources */,
			);
			buildRules = (
			);
			dependencies = (
				D2E195432CDE7E2B005338C1 /* PBXTargetDependency */,
			);
			fileSystemSynchronizedGroups = (
				D2E195442CDE7E2B005338C1 /* MindfulTests */,
			);
			name = MindfulTests;
			packageProductDependencies = (
			);
			productName = MindfulTests;
			productReference = D2E195412CDE7E2B005338C1 /* MindfulTests.xctest */;
			productType = "com.apple.product-type.bundle.unit-test";
		};
		D2E1954A2CDE7E2B005338C1 /* MindfulUITests */ = {
			isa = PBXNativeTarget;
			buildConfigurationList = D2E1955C2CDE7E2B005338C1 /* Build configuration list for PBXNativeTarget "MindfulUITests" */;
			buildPhases = (
				D2E195472CDE7E2B005338C1 /* Sources */,
				D2E195482CDE7E2B005338C1 /* Frameworks */,
				D2E195492CDE7E2B005338C1 /* Resources */,
			);
			buildRules = (
			);
			dependencies = (
				D2E1954D2CDE7E2B005338C1 /* PBXTargetDependency */,
			);
			fileSystemSynchronizedGroups = (
				D2E1954E2CDE7E2B005338C1 /* MindfulUITests */,
			);
			name = MindfulUITests;
			packageProductDependencies = (
			);
			productName = MindfulUITests;
			productReference = D2E1954B2CDE7E2B005338C1 /* MindfulUITests.xctest */;
			productType = "com.apple.product-type.bundle.ui-testing";
		};
/* End PBXNativeTarget section */

/* Begin PBXProject section */
		D2E195232CDE7E2A005338C1 /* Project object */ = {
			isa = PBXProject;
			attributes = {
				BuildIndependentTargetsInParallel = 1;
				LastSwiftUpdateCheck = 1610;
				LastUpgradeCheck = 1610;
				TargetAttributes = {
					D2E1952A2CDE7E2A005338C1 = {
						CreatedOnToolsVersion = 16.1;
					};
					D2E195402CDE7E2B005338C1 = {
						CreatedOnToolsVersion = 16.1;
						TestTargetID = D2E1952A2CDE7E2A005338C1;
					};
					D2E1954A2CDE7E2B005338C1 = {
						CreatedOnToolsVersion = 16.1;
						TestTargetID = D2E1952A2CDE7E2A005338C1;
					};
				};
			};
			buildConfigurationList = D2E195262CDE7E2A005338C1 /* Build configuration list for PBXProject "Mindful" */;
			developmentRegion = en;
			hasScannedForEncodings = 0;
			knownRegions = (
				en,
				Base,
			);
			mainGroup = D2E195222CDE7E2A005338C1;
			minimizedProjectReferenceProxies = 1;
			preferredProjectObjectVersion = 77;
			productRefGroup = D2E1952C2CDE7E2A005338C1 /* Products */;
			projectDirPath = "";
			projectRoot = "";
			targets = (
				D2E1952A2CDE7E2A005338C1 /* Mindful */,
				D2E195402CDE7E2B005338C1 /* MindfulTests */,
				D2E1954A2CDE7E2B005338C1 /* MindfulUITests */,
			);
		};
/* End PBXProject section */

/* Begin PBXResourcesBuildPhase section */
		D2E195292CDE7E2A005338C1 /* Resources */ = {
			isa = PBXResourcesBuildPhase;
			buildActionMask = 2147483647;
			files = (
			);
			runOnlyForDeploymentPostprocessing = 0;
		};
		D2E1953F2CDE7E2B005338C1 /* Resources */ = {
			isa = PBXResourcesBuildPhase;
			buildActionMask = 2147483647;
			files = (
			);
			runOnlyForDeploymentPostprocessing = 0;
		};
		D2E195492CDE7E2B005338C1 /* Resources */ = {
			isa = PBXResourcesBuildPhase;
			buildActionMask = 2147483647;
			files = (
			);
			runOnlyForDeploymentPostprocessing = 0;
		};
/* End PBXResourcesBuildPhase section */

/* Begin PBXSourcesBuildPhase section */
		D2E195272CDE7E2A005338C1 /* Sources */ = {
			isa = PBXSourcesBuildPhase;
			buildActionMask = 2147483647;
			files = (
			);
			runOnlyForDeploymentPostprocessing = 0;
		};
		D2E1953D2CDE7E2B005338C1 /* Sources */ = {
			isa = PBXSourcesBuildPhase;
			buildActionMask = 2147483647;
			files = (
			);
			runOnlyForDeploymentPostprocessing = 0;
		};
		D2E195472CDE7E2B005338C1 /* Sources */ = {
			isa = PBXSourcesBuildPhase;
			buildActionMask = 2147483647;
			files = (
			);
			runOnlyForDeploymentPostprocessing = 0;
		};
/* End PBXSourcesBuildPhase section */

/* Begin PBXTargetDependency section */
		D2E195432CDE7E2B005338C1 /* PBXTargetDependency */ = {
			isa = PBXTargetDependency;
			target = D2E1952A2CDE7E2A005338C1 /* Mindful */;
			targetProxy = D2E195422CDE7E2B005338C1 /* PBXContainerItemProxy */;
		};
		D2E1954D2CDE7E2B005338C1 /* PBXTargetDependency */ = {
			isa = PBXTargetDependency;
			target = D2E1952A2CDE7E2A005338C1 /* Mindful */;
			targetProxy = D2E1954C2CDE7E2B005338C1 /* PBXContainerItemProxy */;
		};
/* End PBXTargetDependency section */

/* Begin XCBuildConfiguration section */
		D2E195552CDE7E2B005338C1 /* Debug */ = {
			isa = XCBuildConfiguration;
			buildSettings = {
				ASSETCATALOG_COMPILER_APPICON_NAME = AppIcon;
				ASSETCATALOG_COMPILER_GLOBAL_ACCENT_COLOR_NAME = AccentColor;
				CODE_SIGN_STYLE = Automatic;
				CURRENT_PROJECT_VERSION = 1;
				DEVELOPMENT_TEAM = S9GJ6P8P43;
				GENERATE_INFOPLIST_FILE = YES;
				INFOPLIST_FILE = Mindful/Info.plist;
				INFOPLIST_KEY_UIApplicationSupportsIndirectInputEvents = YES;
				INFOPLIST_KEY_UILaunchStoryboardName = LaunchScreen;
				INFOPLIST_KEY_UIMainStoryboardFile = Main;
				INFOPLIST_KEY_UISupportedInterfaceOrientations_iPad = "UIInterfaceOrientationPortrait UIInterfaceOrientationPortraitUpsideDown UIInterfaceOrientationLandscapeLeft UIInterfaceOrientationLandscapeRight";
				INFOPLIST_KEY_UISupportedInterfaceOrientations_iPhone = "UIInterfaceOrientationPortrait UIInterfaceOrientationLandscapeLeft UIInterfaceOrientationLandscapeRight";
				IPHONEOS_DEPLOYMENT_TARGET = 15.6;
				LD_RUNPATH_SEARCH_PATHS = (
					"$(inherited)",
					"@executable_path/Frameworks",
				);
				MARKETING_VERSION = 1.0;
				PRODUCT_BUNDLE_IDENTIFIER = com.vladimirG.Mindful;
				PRODUCT_NAME = "$(TARGET_NAME)";
				SWIFT_EMIT_LOC_STRINGS = YES;
				SWIFT_VERSION = 5.0;
				TARGETED_DEVICE_FAMILY = "1,2";
			};
			name = Debug;
		};
		D2E195562CDE7E2B005338C1 /* Release */ = {
			isa = XCBuildConfiguration;
			buildSettings = {
				ASSETCATALOG_COMPILER_APPICON_NAME = AppIcon;
				ASSETCATALOG_COMPILER_GLOBAL_ACCENT_COLOR_NAME = AccentColor;
				CODE_SIGN_STYLE = Automatic;
				CURRENT_PROJECT_VERSION = 1;
				DEVELOPMENT_TEAM = S9GJ6P8P43;
				GENERATE_INFOPLIST_FILE = YES;
				INFOPLIST_FILE = Mindful/Info.plist;
				INFOPLIST_KEY_UIApplicationSupportsIndirectInputEvents = YES;
				INFOPLIST_KEY_UILaunchStoryboardName = LaunchScreen;
				INFOPLIST_KEY_UIMainStoryboardFile = Main;
				INFOPLIST_KEY_UISupportedInterfaceOrientations_iPad = "UIInterfaceOrientationPortrait UIInterfaceOrientationPortraitUpsideDown UIInterfaceOrientationLandscapeLeft UIInterfaceOrientationLandscapeRight";
				INFOPLIST_KEY_UISupportedInterfaceOrientations_iPhone = "UIInterfaceOrientationPortrait UIInterfaceOrientationLandscapeLeft UIInterfaceOrientationLandscapeRight";
				IPHONEOS_DEPLOYMENT_TARGET = 15.6;
				LD_RUNPATH_SEARCH_PATHS = (
					"$(inherited)",
					"@executable_path/Frameworks",
				);
				MARKETING_VERSION = 1.0;
				PRODUCT_BUNDLE_IDENTIFIER = com.vladimirG.Mindful;
				PRODUCT_NAME = "$(TARGET_NAME)";
				SWIFT_EMIT_LOC_STRINGS = YES;
				SWIFT_VERSION = 5.0;
				TARGETED_DEVICE_FAMILY = "1,2";
			};
			name = Release;
		};
		D2E195572CDE7E2B005338C1 /* Debug */ = {
			isa = XCBuildConfiguration;
			buildSettings = {
				ALWAYS_SEARCH_USER_PATHS = NO;
				ASSETCATALOG_COMPILER_GENERATE_SWIFT_ASSET_SYMBOL_EXTENSIONS = YES;
				CLANG_ANALYZER_NONNULL = YES;
				CLANG_ANALYZER_NUMBER_OBJECT_CONVERSION = YES_AGGRESSIVE;
				CLANG_CXX_LANGUAGE_STANDARD = "gnu++20";
				CLANG_ENABLE_MODULES = YES;
				CLANG_ENABLE_OBJC_ARC = YES;
				CLANG_ENABLE_OBJC_WEAK = YES;
				CLANG_WARN_BLOCK_CAPTURE_AUTORELEASING = YES;
				CLANG_WARN_BOOL_CONVERSION = YES;
				CLANG_WARN_COMMA = YES;
				CLANG_WARN_CONSTANT_CONVERSION = YES;
				CLANG_WARN_DEPRECATED_OBJC_IMPLEMENTATIONS = YES;
				CLANG_WARN_DIRECT_OBJC_ISA_USAGE = YES_ERROR;
				CLANG_WARN_DOCUMENTATION_COMMENTS = YES;
				CLANG_WARN_EMPTY_BODY = YES;
				CLANG_WARN_ENUM_CONVERSION = YES;
				CLANG_WARN_INFINITE_RECURSION = YES;
				CLANG_WARN_INT_CONVERSION = YES;
				CLANG_WARN_NON_LITERAL_NULL_CONVERSION = YES;
				CLANG_WARN_OBJC_IMPLICIT_RETAIN_SELF = YES;
				CLANG_WARN_OBJC_LITERAL_CONVERSION = YES;
				CLANG_WARN_OBJC_ROOT_CLASS = YES_ERROR;
				CLANG_WARN_QUOTED_INCLUDE_IN_FRAMEWORK_HEADER = YES;
				CLANG_WARN_RANGE_LOOP_ANALYSIS = YES;
				CLANG_WARN_STRICT_PROTOTYPES = YES;
				CLANG_WARN_SUSPICIOUS_MOVE = YES;
				CLANG_WARN_UNGUARDED_AVAILABILITY = YES_AGGRESSIVE;
				CLANG_WARN_UNREACHABLE_CODE = YES;
				CLANG_WARN__DUPLICATE_METHOD_MATCH = YES;
				COPY_PHASE_STRIP = NO;
				DEBUG_INFORMATION_FORMAT = dwarf;
				ENABLE_STRICT_OBJC_MSGSEND = YES;
				ENABLE_TESTABILITY = YES;
				ENABLE_USER_SCRIPT_SANDBOXING = YES;
				GCC_C_LANGUAGE_STANDARD = gnu17;
				GCC_DYNAMIC_NO_PIC = NO;
				GCC_NO_COMMON_BLOCKS = YES;
				GCC_OPTIMIZATION_LEVEL = 0;
				GCC_PREPROCESSOR_DEFINITIONS = (
					"DEBUG=1",
					"$(inherited)",
				);
				GCC_WARN_64_TO_32_BIT_CONVERSION = YES;
				GCC_WARN_ABOUT_RETURN_TYPE = YES_ERROR;
				GCC_WARN_UNDECLARED_SELECTOR = YES;
				GCC_WARN_UNINITIALIZED_AUTOS = YES_AGGRESSIVE;
				GCC_WARN_UNUSED_FUNCTION = YES;
				GCC_WARN_UNUSED_VARIABLE = YES;
				IPHONEOS_DEPLOYMENT_TARGET = 18.1;
				LOCALIZATION_PREFERS_STRING_CATALOGS = YES;
				MTL_ENABLE_DEBUG_INFO = INCLUDE_SOURCE;
				MTL_FAST_MATH = YES;
				ONLY_ACTIVE_ARCH = YES;
				SDKROOT = iphoneos;
				SWIFT_ACTIVE_COMPILATION_CONDITIONS = "DEBUG $(inherited)";
				SWIFT_OPTIMIZATION_LEVEL = "-Onone";
			};
			name = Debug;
		};
		D2E195582CDE7E2B005338C1 /* Release */ = {
			isa = XCBuildConfiguration;
			buildSettings = {
				ALWAYS_SEARCH_USER_PATHS = NO;
				ASSETCATALOG_COMPILER_GENERATE_SWIFT_ASSET_SYMBOL_EXTENSIONS = YES;
				CLANG_ANALYZER_NONNULL = YES;
				CLANG_ANALYZER_NUMBER_OBJECT_CONVERSION = YES_AGGRESSIVE;
				CLANG_CXX_LANGUAGE_STANDARD = "gnu++20";
				CLANG_ENABLE_MODULES = YES;
				CLANG_ENABLE_OBJC_ARC = YES;
				CLANG_ENABLE_OBJC_WEAK = YES;
				CLANG_WARN_BLOCK_CAPTURE_AUTORELEASING = YES;
				CLANG_WARN_BOOL_CONVERSION = YES;
				CLANG_WARN_COMMA = YES;
				CLANG_WARN_CONSTANT_CONVERSION = YES;
				CLANG_WARN_DEPRECATED_OBJC_IMPLEMENTATIONS = YES;
				CLANG_WARN_DIRECT_OBJC_ISA_USAGE = YES_ERROR;
				CLANG_WARN_DOCUMENTATION_COMMENTS = YES;
				CLANG_WARN_EMPTY_BODY = YES;
				CLANG_WARN_ENUM_CONVERSION = YES;
				CLANG_WARN_INFINITE_RECURSION = YES;
				CLANG_WARN_INT_CONVERSION = YES;
				CLANG_WARN_NON_LITERAL_NULL_CONVERSION = YES;
				CLANG_WARN_OBJC_IMPLICIT_RETAIN_SELF = YES;
				CLANG_WARN_OBJC_LITERAL_CONVERSION = YES;
				CLANG_WARN_OBJC_ROOT_CLASS = YES_ERROR;
				CLANG_WARN_QUOTED_INCLUDE_IN_FRAMEWORK_HEADER = YES;
				CLANG_WARN_RANGE_LOOP_ANALYSIS = YES;
				CLANG_WARN_STRICT_PROTOTYPES = YES;
				CLANG_WARN_SUSPICIOUS_MOVE = YES;
				CLANG_WARN_UNGUARDED_AVAILABILITY = YES_AGGRESSIVE;
				CLANG_WARN_UNREACHABLE_CODE = YES;
				CLANG_WARN__DUPLICATE_METHOD_MATCH = YES;
				COPY_PHASE_STRIP = NO;
				DEBUG_INFORMATION_FORMAT = "dwarf-with-dsym";
				ENABLE_NS_ASSERTIONS = NO;
				ENABLE_STRICT_OBJC_MSGSEND = YES;
				ENABLE_USER_SCRIPT_SANDBOXING = YES;
				GCC_C_LANGUAGE_STANDARD = gnu17;
				GCC_NO_COMMON_BLOCKS = YES;
				GCC_WARN_64_TO_32_BIT_CONVERSION = YES;
				GCC_WARN_ABOUT_RETURN_TYPE = YES_ERROR;
				GCC_WARN_UNDECLARED_SELECTOR = YES;
				GCC_WARN_UNINITIALIZED_AUTOS = YES_AGGRESSIVE;
				GCC_WARN_UNUSED_FUNCTION = YES;
				GCC_WARN_UNUSED_VARIABLE = YES;
				IPHONEOS_DEPLOYMENT_TARGET = 18.1;
				LOCALIZATION_PREFERS_STRING_CATALOGS = YES;
				MTL_ENABLE_DEBUG_INFO = NO;
				MTL_FAST_MATH = YES;
				SDKROOT = iphoneos;
				SWIFT_COMPILATION_MODE = wholemodule;
				VALIDATE_PRODUCT = YES;
			};
			name = Release;
		};
		D2E1955A2CDE7E2B005338C1 /* Debug */ = {
			isa = XCBuildConfiguration;
			buildSettings = {
				BUNDLE_LOADER = "$(TEST_HOST)";
				CODE_SIGN_STYLE = Automatic;
				CURRENT_PROJECT_VERSION = 1;
				GENERATE_INFOPLIST_FILE = YES;
				IPHONEOS_DEPLOYMENT_TARGET = 15.6;
				MARKETING_VERSION = 1.0;
				PRODUCT_BUNDLE_IDENTIFIER = com.vladimirG.MindfulTests;
				PRODUCT_NAME = "$(TARGET_NAME)";
				SWIFT_EMIT_LOC_STRINGS = NO;
				SWIFT_VERSION = 5.0;
				TARGETED_DEVICE_FAMILY = "1,2";
				TEST_HOST = "$(BUILT_PRODUCTS_DIR)/Mindful.app/$(BUNDLE_EXECUTABLE_FOLDER_PATH)/Mindful";
			};
			name = Debug;
		};
		D2E1955B2CDE7E2B005338C1 /* Release */ = {
			isa = XCBuildConfiguration;
			buildSettings = {
				BUNDLE_LOADER = "$(TEST_HOST)";
				CODE_SIGN_STYLE = Automatic;
				CURRENT_PROJECT_VERSION = 1;
				GENERATE_INFOPLIST_FILE = YES;
				IPHONEOS_DEPLOYMENT_TARGET = 15.6;
				MARKETING_VERSION = 1.0;
				PRODUCT_BUNDLE_IDENTIFIER = com.vladimirG.MindfulTests;
				PRODUCT_NAME = "$(TARGET_NAME)";
				SWIFT_EMIT_LOC_STRINGS = NO;
				SWIFT_VERSION = 5.0;
				TARGETED_DEVICE_FAMILY = "1,2";
				TEST_HOST = "$(BUILT_PRODUCTS_DIR)/Mindful.app/$(BUNDLE_EXECUTABLE_FOLDER_PATH)/Mindful";
			};
			name = Release;
		};
		D2E1955D2CDE7E2B005338C1 /* Debug */ = {
			isa = XCBuildConfiguration;
			buildSettings = {
				CODE_SIGN_STYLE = Automatic;
				CURRENT_PROJECT_VERSION = 1;
				GENERATE_INFOPLIST_FILE = YES;
				IPHONEOS_DEPLOYMENT_TARGET = 15.6;
				MARKETING_VERSION = 1.0;
				PRODUCT_BUNDLE_IDENTIFIER = com.vladimirG.MindfulUITests;
				PRODUCT_NAME = "$(TARGET_NAME)";
				SWIFT_EMIT_LOC_STRINGS = NO;
				SWIFT_VERSION = 5.0;
				TARGETED_DEVICE_FAMILY = "1,2";
				TEST_TARGET_NAME = Mindful;
			};
			name = Debug;
		};
		D2E1955E2CDE7E2B005338C1 /* Release */ = {
			isa = XCBuildConfiguration;
			buildSettings = {
				CODE_SIGN_STYLE = Automatic;
				CURRENT_PROJECT_VERSION = 1;
				GENERATE_INFOPLIST_FILE = YES;
				IPHONEOS_DEPLOYMENT_TARGET = 15.6;
				MARKETING_VERSION = 1.0;
				PRODUCT_BUNDLE_IDENTIFIER = com.vladimirG.MindfulUITests;
				PRODUCT_NAME = "$(TARGET_NAME)";
				SWIFT_EMIT_LOC_STRINGS = NO;
				SWIFT_VERSION = 5.0;
				TARGETED_DEVICE_FAMILY = "1,2";
				TEST_TARGET_NAME = Mindful;
			};
			name = Release;
		};
/* End XCBuildConfiguration section */

/* Begin XCConfigurationList section */
		D2E195262CDE7E2A005338C1 /* Build configuration list for PBXProject "Mindful" */ = {
			isa = XCConfigurationList;
			buildConfigurations = (
				D2E195572CDE7E2B005338C1 /* Debug */,
				D2E195582CDE7E2B005338C1 /* Release */,
			);
			defaultConfigurationIsVisible = 0;
			defaultConfigurationName = Release;
		};
		D2E195542CDE7E2B005338C1 /* Build configuration list for PBXNativeTarget "Mindful" */ = {
			isa = XCConfigurationList;
			buildConfigurations = (
				D2E195552CDE7E2B005338C1 /* Debug */,
				D2E195562CDE7E2B005338C1 /* Release */,
			);
			defaultConfigurationIsVisible = 0;
			defaultConfigurationName = Release;
		};
		D2E195592CDE7E2B005338C1 /* Build configuration list for PBXNativeTarget "MindfulTests" */ = {
			isa = XCConfigurationList;
			buildConfigurations = (
				D2E1955A2CDE7E2B005338C1 /* Debug */,
				D2E1955B2CDE7E2B005338C1 /* Release */,
			);
			defaultConfigurationIsVisible = 0;
			defaultConfigurationName = Release;
		};
		D2E1955C2CDE7E2B005338C1 /* Build configuration list for PBXNativeTarget "MindfulUITests" */ = {
			isa = XCConfigurationList;
			buildConfigurations = (
				D2E1955D2CDE7E2B005338C1 /* Debug */,
				D2E1955E2CDE7E2B005338C1 /* Release */,
			);
			defaultConfigurationIsVisible = 0;
			defaultConfigurationName = Release;
		};
/* End XCConfigurationList section */
	};
	rootObject = D2E195232CDE7E2A005338C1 /* Project object */;
}
